{
  "name": "fastagi.io",
  "version": "1.2.0",
  "lockfileVersion": 2,
  "requires": true,
  "packages": {
    "": {
      "name": "fastagi.io",
      "version": "1.2.0",
      "license": "ISC",
      "dependencies": {
        "asterisk.io": "^0.1.1"
      }
    },
    "node_modules/asterisk.io": {
      "version": "0.1.1",
      "resolved": "https://registry.npmjs.org/asterisk.io/-/asterisk.io-0.1.1.tgz",
      "integrity": "sha1-PSaZVuhOa28VWYj1wtdTN++TWfs="
    }
  },
  "dependencies": {
    "asterisk.io": {
      "version": "0.1.1",
      "resolved": "https://registry.npmjs.org/asterisk.io/-/asterisk.io-0.1.1.tgz",
      "integrity": "sha1-PSaZVuhOa28VWYj1wtdTN++TWfs="
    }
  }
}
